
Microsoft Visual Studio Solution File, Format Version 12.00
# Visual Studio 15
VisualStudioVersion = 15.0.27130.2010
MinimumVisualStudioVersion = 10.0.40219.1
Project("{FAE04EC0-301F-11D3-BF4B-00C04F79EFBC}") = "EmptyServer", "EmptyServer\EmptyServer.csproj", "{336D0D16-EC70-495B-87CC-3A6800DA3D8A}"
EndProject
Global
	GlobalSection(SolutionConfigurationPlatforms) = preSolution
		Debug|Any CPU = Debug|Any CPU
		Release|Any CPU = Release|Any CPU
	EndGlobalSection
	GlobalSection(ProjectConfigurationPlatforms) = postSolution
		{336D0D16-EC70-495B-87CC-3A6800DA3D8A}.Debug|Any CPU.ActiveCfg = Debug|Any CPU
		{336D0D16-EC70-495B-87CC-3A6800DA3D8A}.Debug|Any CPU.Build.0 = Debug|Any CPU
		{336D0D16-EC70-495B-87CC-3A6800DA3D8A}.Release|Any CPU.ActiveCfg = Release|Any CPU
		{336D0D16-EC70-495B-87CC-3A6800DA3D8A}.Release|Any CPU.Build.0 = Release|Any CPU
	EndGlobalSection
	GlobalSection(SolutionProperties) = preSolution
		HideSolutionNode = FALSE
	EndGlobalSection
	GlobalSection(ExtensibilityGlobals) = postSolution
		SolutionGuid = {35833050-AAA2-412F-877E-5F567030F4A3}
	EndGlobalSection
EndGlobal
